
Microsoft Visual Studio Solution File, Format Version 12.00
# Visual Studio 15
VisualStudioVersion = 15.0.27004.2005
MinimumVisualStudioVersion = 10.0.40219.1
Project("{8BC9CEB8-8B4A-11D0-8D11-00A0C91BC942}") = "Da Wae Render Engine", "Da Wae Render Engine\Da Wae Render Engine.vcxproj", "{EF358E18-8E86-4000-9405-024FE5617EFC}"
EndProject
Project("{8BC9CEB8-8B4A-11D0-8D11-00A0C91BC942}") = "File Writer", "File Writer\File Writer.vcxproj", "{E458AB0B-1E80-4038-BD19-0945175BCF75}"
EndProject
Global
	GlobalSection(SolutionConfigurationPlatforms) = preSolution
		Debug|x64 = Debug|x64
		Debug|x86 = Debug|x86
		Release|x64 = Release|x64
		Release|x86 = Release|x86
	EndGlobalSection
	GlobalSection(ProjectConfigurationPlatforms) = postSolution
		{EF358E18-8E86-4000-9405-024FE5617EFC}.Debug|x64.ActiveCfg = Debug|x64
		{EF358E18-8E86-4000-9405-024FE5617EFC}.Debug|x64.Build.0 = Debug|x64
		{EF358E18-8E86-4000-9405-024FE5617EFC}.Debug|x86.ActiveCfg = Debug|Win32
		{EF358E18-8E86-4000-9405-024FE5617EFC}.Debug|x86.Build.0 = Debug|Win32
		{EF358E18-8E86-4000-9405-024FE5617EFC}.Release|x64.ActiveCfg = Release|x64
		{EF358E18-8E86-4000-9405-024FE5617EFC}.Release|x64.Build.0 = Release|x64
		{EF358E18-8E86-4000-9405-024FE5617EFC}.Release|x86.ActiveCfg = Release|Win32
		{EF358E18-8E86-4000-9405-024FE5617EFC}.Release|x86.Build.0 = Release|Win32
		{E458AB0B-1E80-4038-BD19-0945175BCF75}.Debug|x64.ActiveCfg = Debug|x64
		{E458AB0B-1E80-4038-BD19-0945175BCF75}.Debug|x64.Build.0 = Debug|x64
		{E458AB0B-1E80-4038-BD19-0945175BCF75}.Debug|x86.ActiveCfg = Debug|Win32
		{E458AB0B-1E80-4038-BD19-0945175BCF75}.Debug|x86.Build.0 = Debug|Win32
		{E458AB0B-1E80-4038-BD19-0945175BCF75}.Release|x64.ActiveCfg = Release|x64
		{E458AB0B-1E80-4038-BD19-0945175BCF75}.Release|x64.Build.0 = Release|x64
		{E458AB0B-1E80-4038-BD19-0945175BCF75}.Release|x86.ActiveCfg = Release|Win32
		{E458AB0B-1E80-4038-BD19-0945175BCF75}.Release|x86.Build.0 = Release|Win32
	EndGlobalSection
	GlobalSection(SolutionProperties) = preSolution
		HideSolutionNode = FALSE
	EndGlobalSection
	GlobalSection(ExtensibilityGlobals) = postSolution
		SolutionGuid = {A0A51305-EB7F-4D24-9494-4268B69BEF37}
	EndGlobalSection
EndGlobal
